<?xml version="1.0" encoding="utf-8"?>
<Project ToolsVersion="4.0" xmlns="http://schemas.microsoft.com/developer/msbuild/2003">
  <ItemGroup>
    <Filter Include="Main">
      <UniqueIdentifier>{7ce01a19-38b3-498c-9275-d574830917cc}</UniqueIdentifier>
    </Filter>
    <Filter Include="Utils">
      <UniqueIdentifier>{a5cbd172-9aef-4030-945e-7110f2ea7d51}</UniqueIdentifier>
    </Filter>
    <Filter Include="Protocol">
      <UniqueIdentifier>{39fc467a-9cd8-445c-9f0b-44a95ef469c0}</UniqueIdentifier>
    </Filter>
    <Filter Include="Network">
      <UniqueIdentifier>{5a1fe2c9-ea85-40c1-bd9c-e7373ded24cc}</UniqueIdentifier>
    </Filter>
    <Filter Include="GameContents">
      <UniqueIdentifier>{a78fea39-3d49-4837-9f72-9f579d7f7882}</UniqueIdentifier>
    </Filter>
  </ItemGroup>
  <ItemGroup>
    <ClCompile Include="pch.cpp">
      <Filter>Utils</Filter>
    </ClCompile>
    <ClCompile Include="Protocol.pb.cc">
      <Filter>Protocol</Filter>
    </ClCompile>
    <ClCompile Include="Enum.pb.cc">
      <Filter>Protocol</Filter>
    </ClCompile>
    <ClCompile Include="Struct.pb.cc">
      <Filter>Protocol</Filter>
    </ClCompile>
    <ClCompile Include="DummyClient.cpp">
      <Filter>Main</Filter>
    </ClCompile>
    <ClCompile Include="ServerPacketHandler.cpp">
      <Filter>Network</Filter>
    </ClCompile>
    <ClCompile Include="ServerSession.cpp">
      <Filter>Network</Filter>
    </ClCompile>
    <ClCompile Include="ServerSessionManager.cpp">
      <Filter>Network</Filter>
    </ClCompile>
  </ItemGroup>
  <ItemGroup>
    <ClInclude Include="pch.h">
      <Filter>Utils</Filter>
    </ClInclude>
    <ClInclude Include="Protocol.pb.h">
      <Filter>Protocol</Filter>
    </ClInclude>
    <ClInclude Include="Enum.pb.h">
      <Filter>Protocol</Filter>
    </ClInclude>
    <ClInclude Include="Struct.pb.h">
      <Filter>Protocol</Filter>
    </ClInclude>
    <ClInclude Include="ServerSession.h">
      <Filter>Network</Filter>
    </ClInclude>
    <ClInclude Include="ServerPacketHandler.h">
      <Filter>Network</Filter>
    </ClInclude>
    <ClInclude Include="ServerSessionManager.h">
      <Filter>Network</Filter>
    </ClInclude>
  </ItemGroup>
  <ItemGroup>
    <None Include="..\Common\Protoc\Enum.proto">
      <Filter>Protocol</Filter>
    </None>
    <None Include="..\Common\Protoc\Protocol.proto">
      <Filter>Protocol</Filter>
    </None>
    <None Include="..\Common\Protoc\Struct.proto">
      <Filter>Protocol</Filter>
    </None>
    <None Include="..\Common\Protoc\GenPacket.bat">
      <Filter>Protocol</Filter>
    </None>
  </ItemGroup>
</Project>